
Microsoft Visual Studio Solution File, Format Version 12.00
# Visual Studio Version 16
VisualStudioVersion = 16.0.32228.343
MinimumVisualStudioVersion = 10.0.40219.1
Project("{FAE04EC0-301F-11D3-BF4B-00C04F79EFBC}") = "Models", "Models\Models.csproj", "{DC06303D-218A-40D1-AEFE-E3E393A8AA16}"
EndProject
Project("{9A19103F-16F7-4668-BE54-9A1E7A4F7556}") = "DAL", "DAL\DAL.csproj", "{64AFD5A1-2130-47D6-970E-272E5D8F7EC7}"
EndProject
Project("{9A19103F-16F7-4668-BE54-9A1E7A4F7556}") = "API", "API\API.csproj", "{AD920D9A-80AB-4A48-B428-7EB6DFCDFD62}"
EndProject
Project("{FAE04EC0-301F-11D3-BF4B-00C04F79EFBC}") = "Client", "Client\Client.csproj", "{1AF41DC3-D06A-4C1B-B141-A64082FB8983}"
EndProject
Global
	GlobalSection(SolutionConfigurationPlatforms) = preSolution
		Debug|Any CPU = Debug|Any CPU
		Release|Any CPU = Release|Any CPU
	EndGlobalSection
	GlobalSection(ProjectConfigurationPlatforms) = postSolution
		{DC06303D-218A-40D1-AEFE-E3E393A8AA16}.Debug|Any CPU.ActiveCfg = Debug|Any CPU
		{DC06303D-218A-40D1-AEFE-E3E393A8AA16}.Debug|Any CPU.Build.0 = Debug|Any CPU
		{DC06303D-218A-40D1-AEFE-E3E393A8AA16}.Release|Any CPU.ActiveCfg = Release|Any CPU
		{DC06303D-218A-40D1-AEFE-E3E393A8AA16}.Release|Any CPU.Build.0 = Release|Any CPU
		{64AFD5A1-2130-47D6-970E-272E5D8F7EC7}.Debug|Any CPU.ActiveCfg = Debug|Any CPU
		{64AFD5A1-2130-47D6-970E-272E5D8F7EC7}.Debug|Any CPU.Build.0 = Debug|Any CPU
		{64AFD5A1-2130-47D6-970E-272E5D8F7EC7}.Release|Any CPU.ActiveCfg = Release|Any CPU
		{64AFD5A1-2130-47D6-970E-272E5D8F7EC7}.Release|Any CPU.Build.0 = Release|Any CPU
		{AD920D9A-80AB-4A48-B428-7EB6DFCDFD62}.Debug|Any CPU.ActiveCfg = Debug|Any CPU
		{AD920D9A-80AB-4A48-B428-7EB6DFCDFD62}.Debug|Any CPU.Build.0 = Debug|Any CPU
		{AD920D9A-80AB-4A48-B428-7EB6DFCDFD62}.Release|Any CPU.ActiveCfg = Release|Any CPU
		{AD920D9A-80AB-4A48-B428-7EB6DFCDFD62}.Release|Any CPU.Build.0 = Release|Any CPU
		{1AF41DC3-D06A-4C1B-B141-A64082FB8983}.Debug|Any CPU.ActiveCfg = Debug|Any CPU
		{1AF41DC3-D06A-4C1B-B141-A64082FB8983}.Debug|Any CPU.Build.0 = Debug|Any CPU
		{1AF41DC3-D06A-4C1B-B141-A64082FB8983}.Release|Any CPU.ActiveCfg = Release|Any CPU
		{1AF41DC3-D06A-4C1B-B141-A64082FB8983}.Release|Any CPU.Build.0 = Release|Any CPU
	EndGlobalSection
	GlobalSection(SolutionProperties) = preSolution
		HideSolutionNode = FALSE
	EndGlobalSection
	GlobalSection(ExtensibilityGlobals) = postSolution
		SolutionGuid = {C0BE878F-93EC-4EA7-AEF1-886F9A36CDFC}
	EndGlobalSection
EndGlobal
